# THIS IS AN AUTOGENERATED FILE. DO NOT EDIT THIS FILE DIRECTLY.
# yarn lockfile v1


"@types/bluebird@^3.5.26":
  version "3.5.26"
  resolved "https://registry.yarnpkg.com/@types/bluebird/-/bluebird-3.5.26.tgz#a38c438ae84fa02431d6892edf86e46edcbca291"
  integrity sha512-aj2mrBLn5ky0GmAg6IPXrQjnN0iB/ulozuJ+oZdrHRAzRbXjGmu4UXsNCjFvPbSaaPZmniocdOzsM392qLOlmQ==

"@types/node@^11.13.8":
  version "11.13.8"
  resolved "https://registry.yarnpkg.com/@types/node/-/node-11.13.8.tgz#e5d71173c95533be9842b2c798978f095f912aab"
  integrity sha512-szA3x/3miL90ZJxUCzx9haNbK5/zmPieGraZEe4WI+3srN0eGLiT22NXeMHmyhNEopn+IrxqMc7wdVwvPl8meg==

"@types/ramda@^0.26.8":
  version "0.26.8"
  resolved "https://registry.yarnpkg.com/@types/ramda/-/ramda-0.26.8.tgz#e002612cca52e52f9176d577f4d6229c8c72a10a"
  integrity sha512-PSMkNNhB900U2xcyndlkVjJeCXpVtf1yod0Kdq/ArsLDIE0tW8pLBChmQeJs4o4dfp3AEP+AGm6zIseZPU4ndA==

bluebird@^3.5.4:
  version "3.5.4"
  resolved "https://registry.yarnpkg.com/bluebird/-/bluebird-3.5.4.tgz#d6cc661595de30d5b3af5fcedd3c0b3ef6ec5714"
  integrity sha512-FG+nFEZChJrbQ9tIccIfZJBz3J7mLrAhxakAbnrJWn8d7aKOC+LWifa0G+p4ZqKp4y13T7juYvdhq9NzKdsrjw==

commander@~2.20.0:
  version "2.20.0"
  resolved "https://registry.yarnpkg.com/commander/-/commander-2.20.0.tgz#d58bb2b5c1ee8f87b0d340027e9e94e222c5a422"
  integrity sha512-7j2y+40w61zy6YC2iRNpUe/NwhNyoXrYpHMrSunaMG64nRnaf96zO/KMQR4OyN/UnE5KLyEBnKHd4aG3rskjpQ==

prettier@^1.17.0:
  version "1.17.0"
  resolved "https://registry.yarnpkg.com/prettier/-/prettier-1.17.0.tgz#53b303676eed22cc14a9f0cec09b477b3026c008"
  integrity sha512-sXe5lSt2WQlCbydGETgfm1YBShgOX4HxQkFPvbxkcwgDvGDeqVau8h+12+lmSVlP3rHPz0oavfddSZg/q+Szjw==

ramda@^0.26.1:
  version "0.26.1"
  resolved "https://registry.yarnpkg.com/ramda/-/ramda-0.26.1.tgz#8d41351eb8111c55353617fc3bbffad8e4d35d06"
  integrity sha512-hLWjpy7EnsDBb0p+Z3B7rPi3GDeRG5ZtiI33kJhTt+ORCd38AbAIjB/9zRIUoeTbE/AVX5ZkU7m6bznsvrf8eQ==

source-map@~0.6.1:
  version "0.6.1"
  resolved "https://registry.yarnpkg.com/source-map/-/source-map-0.6.1.tgz#74722af32e9614e9c287a8d0bbde48b5e2f1a263"
  integrity sha512-UjgapumWlbMhkBgzT7Ykc5YXUT46F0iKu8SGXq0bcwP5dz/h0Plj6enJqjz1Zbq2l5WaqYnrVbwWOWMyF3F47g==

typescript@^3.4.5:
  version "3.4.5"
  resolved "https://registry.yarnpkg.com/typescript/-/typescript-3.4.5.tgz#2d2618d10bb566572b8d7aad5180d84257d70a99"
  integrity sha512-YycBxUb49UUhdNMU5aJ7z5Ej2XGmaIBL0x34vZ82fn3hGvD+bgrMrVDpatgz2f7YxUMJxMkbWxJZeAvDxVe7Vw==

uglify-js@^3.5.9:
  version "3.5.9"
  resolved "https://registry.yarnpkg.com/uglify-js/-/uglify-js-3.5.9.tgz#372fbf95939555b1f460b1777d33a67d4a994ac9"
  integrity sha512-WpT0RqsDtAWPNJK955DEnb6xjymR8Fn0OlK4TT4pS0ASYsVPqr5ELhgwOwLCP5J5vHeJ4xmMmz3DEgdqC10JeQ==
  dependencies:
    commander "~2.20.0"
    source-map "~0.6.1"
